
Microsoft Visual Studio Solution File, Format Version 12.00
# Visual Studio Version 17
VisualStudioVersion = 17.0.31903.59
MinimumVisualStudioVersion = 10.0.40219.1
Project("{2150E333-8FDC-42A3-9474-1A3956D46DE8}") = "src", "src", "{F8DFD5AE-4356-4B4E-90D2-3C0B948C1172}"
EndProject
Project("{FAE04EC0-301F-11D3-BF4B-00C04F79EFBC}") = "TaskbarAutoHideToggle", "src\TaskbarAutoHideToggle\TaskbarAutoHideToggle.csproj", "{FDB215A7-B708-49B3-95F7-41B7D29C943C}"
EndProject
Project("{2150E333-8FDC-42A3-9474-1A3956D46DE8}") = "tests", "tests", "{3DE14930-B79D-4252-BF95-45DC7E4A1894}"
EndProject
Project("{FAE04EC0-301F-11D3-BF4B-00C04F79EFBC}") = "TaskbarAutoHideToggle.Tests", "tests\TaskbarAutoHideToggle.Tests\TaskbarAutoHideToggle.Tests.csproj", "{2446215A-D849-4BFF-BAD9-4A0546F362CC}"
EndProject
Global
	GlobalSection(SolutionConfigurationPlatforms) = preSolution
		Debug|Any CPU = Debug|Any CPU
		Release|Any CPU = Release|Any CPU
	EndGlobalSection
	GlobalSection(SolutionProperties) = preSolution
		HideSolutionNode = FALSE
	EndGlobalSection
	GlobalSection(ProjectConfigurationPlatforms) = postSolution
		{FDB215A7-B708-49B3-95F7-41B7D29C943C}.Debug|Any CPU.ActiveCfg = Debug|Any CPU
		{FDB215A7-B708-49B3-95F7-41B7D29C943C}.Debug|Any CPU.Build.0 = Debug|Any CPU
		{FDB215A7-B708-49B3-95F7-41B7D29C943C}.Release|Any CPU.ActiveCfg = Release|Any CPU
		{FDB215A7-B708-49B3-95F7-41B7D29C943C}.Release|Any CPU.Build.0 = Release|Any CPU
		{2446215A-D849-4BFF-BAD9-4A0546F362CC}.Debug|Any CPU.ActiveCfg = Debug|Any CPU
		{2446215A-D849-4BFF-BAD9-4A0546F362CC}.Debug|Any CPU.Build.0 = Debug|Any CPU
		{2446215A-D849-4BFF-BAD9-4A0546F362CC}.Release|Any CPU.ActiveCfg = Release|Any CPU
		{2446215A-D849-4BFF-BAD9-4A0546F362CC}.Release|Any CPU.Build.0 = Release|Any CPU
	EndGlobalSection
	GlobalSection(NestedProjects) = preSolution
		{FDB215A7-B708-49B3-95F7-41B7D29C943C} = {F8DFD5AE-4356-4B4E-90D2-3C0B948C1172}
		{2446215A-D849-4BFF-BAD9-4A0546F362CC} = {3DE14930-B79D-4252-BF95-45DC7E4A1894}
	EndGlobalSection
EndGlobal
